{
  "requires": true,
  "lockfileVersion": 1,
  "dependencies": {
    "phash-imagemagick": {
      "version": "1.0.1",
      "resolved": "https://registry.npmjs.org/phash-imagemagick/-/phash-imagemagick-1.0.1.tgz",
      "integrity": "sha512-fTqCNmwLnu1jG9kkAPfrJ4zhnfamBjNKfaJpOwZW6QJ6XDr3qnvxVPM+Bxr43a5V1REGXff6mbJShOdMmpNRbQ=="
    }
  }
}
